// !$*UTF8*$!
{
	archiveVersion = 1;
	classes = {
	};
	objectVersion = 56;
	objects = {

/* Begin PBXBuildFile section */
		3AE4D82ADA8CDBF05AF53862 /* Pods_SportApp.framework in Frameworks */ = {isa = PBXBuildFile; fileRef = 4B69DF44BDE0239FABF048ED /* Pods_SportApp.framework */; };
		4F071E5D299C16EC008B38FE /* NetworkManagerTests.swift in Sources */ = {isa = PBXBuildFile; fileRef = 4F071E5C299C16EC008B38FE /* NetworkManagerTests.swift */; };
		4F1FA39B29939DED00FA9F5F /* TeamsViewModel.swift in Sources */ = {isa = PBXBuildFile; fileRef = 4F1FA39A29939DED00FA9F5F /* TeamsViewModel.swift */; };
		4F1FA39D29939E3800FA9F5F /* EventsViewModel.swift in Sources */ = {isa = PBXBuildFile; fileRef = 4F1FA39C29939E3800FA9F5F /* EventsViewModel.swift */; };
		4F1FA39F2993A09D00FA9F5F /* TeamsNetworkManager.swift in Sources */ = {isa = PBXBuildFile; fileRef = 4F1FA39E2993A09D00FA9F5F /* TeamsNetworkManager.swift */; };
		4F1FA3A12993A0CB00FA9F5F /* EventsNetworkManager.swift in Sources */ = {isa = PBXBuildFile; fileRef = 4F1FA3A02993A0CB00FA9F5F /* EventsNetworkManager.swift */; };
		4F32E699298D2A4F00AAEC79 /* SecondStoryboard.storyboard in Resources */ = {isa = PBXBuildFile; fileRef = 4F32E698298D2A4F00AAEC79 /* SecondStoryboard.storyboard */; };
		4F32E69B298D2D9400AAEC79 /* LeagueDetailsVC.swift in Sources */ = {isa = PBXBuildFile; fileRef = 4F32E69A298D2D9400AAEC79 /* LeagueDetailsVC.swift */; };
		4F32E69D298D3D5600AAEC79 /* TeamDetailsVC.swift in Sources */ = {isa = PBXBuildFile; fileRef = 4F32E69C298D3D5600AAEC79 /* TeamDetailsVC.swift */; };
		4F3E9E0D298E60CA005546FF /* TeamCollectionViewCell.swift in Sources */ = {isa = PBXBuildFile; fileRef = 4F3E9E0C298E60CA005546FF /* TeamCollectionViewCell.swift */; };
		4F918054298E3E5B00768259 /* LeagueCollectionViewCell.swift in Sources */ = {isa = PBXBuildFile; fileRef = 4F918053298E3E5B00768259 /* LeagueCollectionViewCell.swift */; };
		E2081BF129953477007291B6 /* SplashViewController.swift in Sources */ = {isa = PBXBuildFile; fileRef = E2081BF029953477007291B6 /* SplashViewController.swift */; };
		E2081BF329953DE9007291B6 /* splash.json in Resources */ = {isa = PBXBuildFile; fileRef = E2081BF229953DE9007291B6 /* splash.json */; };
		E20FB8072989E8EF00AF8ED0 /* LeagueTableViewCell.swift in Sources */ = {isa = PBXBuildFile; fileRef = E20FB8052989E8EF00AF8ED0 /* LeagueTableViewCell.swift */; };
		E20FB8082989E8EF00AF8ED0 /* LeagueTableViewCell.xib in Resources */ = {isa = PBXBuildFile; fileRef = E20FB8062989E8EF00AF8ED0 /* LeagueTableViewCell.xib */; };
		E21CFC182989A820008B5276 /* AppDelegate.swift in Sources */ = {isa = PBXBuildFile; fileRef = E21CFC172989A820008B5276 /* AppDelegate.swift */; };
		E21CFC1A2989A820008B5276 /* SceneDelegate.swift in Sources */ = {isa = PBXBuildFile; fileRef = E21CFC192989A820008B5276 /* SceneDelegate.swift */; };
		E21CFC1C2989A820008B5276 /* SportsViewController.swift in Sources */ = {isa = PBXBuildFile; fileRef = E21CFC1B2989A820008B5276 /* SportsViewController.swift */; };
		E21CFC1F2989A820008B5276 /* Main.storyboard in Resources */ = {isa = PBXBuildFile; fileRef = E21CFC1D2989A820008B5276 /* Main.storyboard */; };
		E21CFC222989A820008B5276 /* SportApp.xcdatamodeld in Sources */ = {isa = PBXBuildFile; fileRef = E21CFC202989A820008B5276 /* SportApp.xcdatamodeld */; };
		E21CFC242989A822008B5276 /* Assets.xcassets in Resources */ = {isa = PBXBuildFile; fileRef = E21CFC232989A822008B5276 /* Assets.xcassets */; };
		E21CFC272989A822008B5276 /* LaunchScreen.storyboard in Resources */ = {isa = PBXBuildFile; fileRef = E21CFC252989A822008B5276 /* LaunchScreen.storyboard */; };
		E21CFC322989A823008B5276 /* SportAppTests.swift in Sources */ = {isa = PBXBuildFile; fileRef = E21CFC312989A823008B5276 /* SportAppTests.swift */; };
		E22F92E42997257E002440F7 /* SportViewModel.swift in Sources */ = {isa = PBXBuildFile; fileRef = E22F92E32997257E002440F7 /* SportViewModel.swift */; };
		E23354B42993C88B008ED0CE /* (null) in Sources */ = {isa = PBXBuildFile; };
		E265724C298F6ABF00DE4BDD /* IDataCaching.swift in Sources */ = {isa = PBXBuildFile; fileRef = E265724B298F6ABF00DE4BDD /* IDataCaching.swift */; };
		E265724F298F6B3000DE4BDD /* DataCaching.swift in Sources */ = {isa = PBXBuildFile; fileRef = E265724E298F6B3000DE4BDD /* DataCaching.swift */; };
		E2657251299004A100DE4BDD /* DataManager.swift in Sources */ = {isa = PBXBuildFile; fileRef = E2657250299004A100DE4BDD /* DataManager.swift */; };
		E26572532990072300DE4BDD /* FavouriteLeaguesVM.swift in Sources */ = {isa = PBXBuildFile; fileRef = E26572522990072300DE4BDD /* FavouriteLeaguesVM.swift */; };
		E274B1A72991AECE0078E49B /* CustomViewDelegate.swift in Sources */ = {isa = PBXBuildFile; fileRef = E274B1A62991AECE0078E49B /* CustomViewDelegate.swift */; };
		E274DCEB299AD02500094FCB /* MockTTests.swift in Sources */ = {isa = PBXBuildFile; fileRef = E274DCEA299AD02500094FCB /* MockTTests.swift */; };
		E274DCEE299AD10100094FCB /* Mocking.swift in Sources */ = {isa = PBXBuildFile; fileRef = E274DCED299AD10100094FCB /* Mocking.swift */; };
		E274DCF0299B10D600094FCB /* NetworkingTests.swift in Sources */ = {isa = PBXBuildFile; fileRef = E274DCEF299B10D600094FCB /* NetworkingTests.swift */; };
		E27C14D2299AC09500AC8ADE /* IRenderView.swift in Sources */ = {isa = PBXBuildFile; fileRef = E27C14D1299AC09500AC8ADE /* IRenderView.swift */; };
		E2CF288B298BB1EA002EDFAE /* SportsCollectionViewCell.swift in Sources */ = {isa = PBXBuildFile; fileRef = E2CF288A298BB1EA002EDFAE /* SportsCollectionViewCell.swift */; };
		E2CF2890298BB724002EDFAE /* LeagueViewController.swift in Sources */ = {isa = PBXBuildFile; fileRef = E2CF288F298BB724002EDFAE /* LeagueViewController.swift */; };
		E2CF2897298BBC21002EDFAE /* FavouriteLeaguesViewController.swift in Sources */ = {isa = PBXBuildFile; fileRef = E2CF2896298BBC21002EDFAE /* FavouriteLeaguesViewController.swift */; };
		E2DE21E82997D6F600A4BCAA /* Constants.swift in Sources */ = {isa = PBXBuildFile; fileRef = E2DE21E72997D6F600A4BCAA /* Constants.swift */; };
		E2DE912F298D987A004BF14D /* SportModel.swift in Sources */ = {isa = PBXBuildFile; fileRef = E2DE912E298D987A004BF14D /* SportModel.swift */; };
		E2DE9131298D98F1004BF14D /* League.swift in Sources */ = {isa = PBXBuildFile; fileRef = E2DE9130298D98F1004BF14D /* League.swift */; };
		E2DE9133298D9A2F004BF14D /* JsonResponse.swift in Sources */ = {isa = PBXBuildFile; fileRef = E2DE9132298D9A2F004BF14D /* JsonResponse.swift */; };
		E2DE9135298D9B9A004BF14D /* TeamDetailsResponse.swift in Sources */ = {isa = PBXBuildFile; fileRef = E2DE9134298D9B9A004BF14D /* TeamDetailsResponse.swift */; };
		E2DE9137298D9C70004BF14D /* Player.swift in Sources */ = {isa = PBXBuildFile; fileRef = E2DE9136298D9C70004BF14D /* Player.swift */; };
		E2DE9139298D9C89004BF14D /* Coach.swift in Sources */ = {isa = PBXBuildFile; fileRef = E2DE9138298D9C89004BF14D /* Coach.swift */; };
		E2DE913B298D9C9D004BF14D /* Team.swift in Sources */ = {isa = PBXBuildFile; fileRef = E2DE913A298D9C9D004BF14D /* Team.swift */; };
		E2DE913D298D9F73004BF14D /* EventResponse.swift in Sources */ = {isa = PBXBuildFile; fileRef = E2DE913C298D9F73004BF14D /* EventResponse.swift */; };
		E2DE913F298DA05B004BF14D /* Event.swift in Sources */ = {isa = PBXBuildFile; fileRef = E2DE913E298DA05B004BF14D /* Event.swift */; };
		E2F3EE1C299BA8D100E18240 /* URLHelper.swift in Sources */ = {isa = PBXBuildFile; fileRef = E2F3EE1B299BA8D100E18240 /* URLHelper.swift */; };
		E2F76D20298DDCAB00C6C531 /* AllLeaguesViewModel.swift in Sources */ = {isa = PBXBuildFile; fileRef = E2F76D1F298DDCAA00C6C531 /* AllLeaguesViewModel.swift */; };
		E2F76D23298DDE0000C6C531 /* Helper.swift in Sources */ = {isa = PBXBuildFile; fileRef = E2F76D22298DDE0000C6C531 /* Helper.swift */; };
		E2F76D25298DDEE400C6C531 /* NetworkManager.swift in Sources */ = {isa = PBXBuildFile; fileRef = E2F76D24298DDEE400C6C531 /* NetworkManager.swift */; };
		E2F76D29298DE02000C6C531 /* UrlServices.swift in Sources */ = {isa = PBXBuildFile; fileRef = E2F76D28298DE02000C6C531 /* UrlServices.swift */; };
		E2F76D2B298DE0D300C6C531 /* ApiServices.swift in Sources */ = {isa = PBXBuildFile; fileRef = E2F76D2A298DE0D300C6C531 /* ApiServices.swift */; };
		EAACB5CEA1A1BF3649BAD82A /* Pods_SportAppTests.framework in Frameworks */ = {isa = PBXBuildFile; fileRef = A29E0231393A416150A3ECC4 /* Pods_SportAppTests.framework */; };
/* End PBXBuildFile section */

/* Begin PBXContainerItemProxy section */
		E21CFC2E2989A823008B5276 /* PBXContainerItemProxy */ = {
			isa = PBXContainerItemProxy;
			containerPortal = E21CFC0C2989A81F008B5276 /* Project object */;
			proxyType = 1;
			remoteGlobalIDString = E21CFC132989A820008B5276;
			remoteInfo = SportApp;
		};
/* End PBXContainerItemProxy section */

/* Begin PBXFileReference section */
		281D78AA305E846492827130 /* Pods-SportApp-SportAppUITests.debug.xcconfig */ = {isa = PBXFileReference; includeInIndex = 1; lastKnownFileType = text.xcconfig; name = "Pods-SportApp-SportAppUITests.debug.xcconfig"; path = "Target Support Files/Pods-SportApp-SportAppUITests/Pods-SportApp-SportAppUITests.debug.xcconfig"; sourceTree = "<group>"; };
		33BA9E6CCDE650A36B102888 /* Pods-SportAppTests.debug.xcconfig */ = {isa = PBXFileReference; includeInIndex = 1; lastKnownFileType = text.xcconfig; name = "Pods-SportAppTests.debug.xcconfig"; path = "Target Support Files/Pods-SportAppTests/Pods-SportAppTests.debug.xcconfig"; sourceTree = "<group>"; };
		4B69DF44BDE0239FABF048ED /* Pods_SportApp.framework */ = {isa = PBXFileReference; explicitFileType = wrapper.framework; includeInIndex = 0; path = Pods_SportApp.framework; sourceTree = BUILT_PRODUCTS_DIR; };
		4F071E5C299C16EC008B38FE /* NetworkManagerTests.swift */ = {isa = PBXFileReference; lastKnownFileType = sourcecode.swift; path = NetworkManagerTests.swift; sourceTree = "<group>"; };
		4F1FA39A29939DED00FA9F5F /* TeamsViewModel.swift */ = {isa = PBXFileReference; lastKnownFileType = sourcecode.swift; name = TeamsViewModel.swift; path = ../../TeamsViewModel.swift; sourceTree = "<group>"; };
		4F1FA39C29939E3800FA9F5F /* EventsViewModel.swift */ = {isa = PBXFileReference; lastKnownFileType = sourcecode.swift; path = EventsViewModel.swift; sourceTree = "<group>"; };
		4F1FA39E2993A09D00FA9F5F /* TeamsNetworkManager.swift */ = {isa = PBXFileReference; lastKnownFileType = sourcecode.swift; path = TeamsNetworkManager.swift; sourceTree = "<group>"; };
		4F1FA3A02993A0CB00FA9F5F /* EventsNetworkManager.swift */ = {isa = PBXFileReference; lastKnownFileType = sourcecode.swift; path = EventsNetworkManager.swift; sourceTree = "<group>"; };
		4F32E698298D2A4F00AAEC79 /* SecondStoryboard.storyboard */ = {isa = PBXFileReference; lastKnownFileType = file.storyboard; path = SecondStoryboard.storyboard; sourceTree = "<group>"; };
		4F32E69A298D2D9400AAEC79 /* LeagueDetailsVC.swift */ = {isa = PBXFileReference; lastKnownFileType = sourcecode.swift; path = LeagueDetailsVC.swift; sourceTree = "<group>"; };
		4F32E69C298D3D5600AAEC79 /* TeamDetailsVC.swift */ = {isa = PBXFileReference; lastKnownFileType = sourcecode.swift; path = TeamDetailsVC.swift; sourceTree = "<group>"; };
		4F3E9E0C298E60CA005546FF /* TeamCollectionViewCell.swift */ = {isa = PBXFileReference; lastKnownFileType = sourcecode.swift; path = TeamCollectionViewCell.swift; sourceTree = "<group>"; };
		4F918053298E3E5B00768259 /* LeagueCollectionViewCell.swift */ = {isa = PBXFileReference; lastKnownFileType = sourcecode.swift; path = LeagueCollectionViewCell.swift; sourceTree = "<group>"; };
		6D51B4A035978C770D0AA1F3 /* Pods-SportApp.release.xcconfig */ = {isa = PBXFileReference; includeInIndex = 1; lastKnownFileType = text.xcconfig; name = "Pods-SportApp.release.xcconfig"; path = "Target Support Files/Pods-SportApp/Pods-SportApp.release.xcconfig"; sourceTree = "<group>"; };
		8C482232DA7C51EB50074B0B /* Pods-SportApp-SportAppUITests.release.xcconfig */ = {isa = PBXFileReference; includeInIndex = 1; lastKnownFileType = text.xcconfig; name = "Pods-SportApp-SportAppUITests.release.xcconfig"; path = "Target Support Files/Pods-SportApp-SportAppUITests/Pods-SportApp-SportAppUITests.release.xcconfig"; sourceTree = "<group>"; };
		94AE08D242F92DEDB74E1A55 /* Pods-SportAppTests.release.xcconfig */ = {isa = PBXFileReference; includeInIndex = 1; lastKnownFileType = text.xcconfig; name = "Pods-SportAppTests.release.xcconfig"; path = "Target Support Files/Pods-SportAppTests/Pods-SportAppTests.release.xcconfig"; sourceTree = "<group>"; };
		A29E0231393A416150A3ECC4 /* Pods_SportAppTests.framework */ = {isa = PBXFileReference; explicitFileType = wrapper.framework; includeInIndex = 0; path = Pods_SportAppTests.framework; sourceTree = BUILT_PRODUCTS_DIR; };
		A8D6E285A840BAAD55826982 /* Pods_SportApp_SportAppUITests.framework */ = {isa = PBXFileReference; explicitFileType = wrapper.framework; includeInIndex = 0; path = Pods_SportApp_SportAppUITests.framework; sourceTree = BUILT_PRODUCTS_DIR; };
		D891F6E0C60852552D08611C /* Pods-SportApp.debug.xcconfig */ = {isa = PBXFileReference; includeInIndex = 1; lastKnownFileType = text.xcconfig; name = "Pods-SportApp.debug.xcconfig"; path = "Target Support Files/Pods-SportApp/Pods-SportApp.debug.xcconfig"; sourceTree = "<group>"; };
		E2081BF029953477007291B6 /* SplashViewController.swift */ = {isa = PBXFileReference; lastKnownFileType = sourcecode.swift; path = SplashViewController.swift; sourceTree = "<group>"; };
		E2081BF229953DE9007291B6 /* splash.json */ = {isa = PBXFileReference; fileEncoding = 4; lastKnownFileType = text.json; path = splash.json; sourceTree = "<group>"; };
		E20FB8052989E8EF00AF8ED0 /* LeagueTableViewCell.swift */ = {isa = PBXFileReference; lastKnownFileType = sourcecode.swift; path = LeagueTableViewCell.swift; sourceTree = "<group>"; };
		E20FB8062989E8EF00AF8ED0 /* LeagueTableViewCell.xib */ = {isa = PBXFileReference; lastKnownFileType = file.xib; path = LeagueTableViewCell.xib; sourceTree = "<group>"; };
		E21CFC142989A820008B5276 /* SportApp.app */ = {isa = PBXFileReference; explicitFileType = wrapper.application; includeInIndex = 0; path = SportApp.app; sourceTree = BUILT_PRODUCTS_DIR; };
		E21CFC172989A820008B5276 /* AppDelegate.swift */ = {isa = PBXFileReference; lastKnownFileType = sourcecode.swift; path = AppDelegate.swift; sourceTree = "<group>"; };
		E21CFC192989A820008B5276 /* SceneDelegate.swift */ = {isa = PBXFileReference; lastKnownFileType = sourcecode.swift; path = SceneDelegate.swift; sourceTree = "<group>"; };
		E21CFC1B2989A820008B5276 /* SportsViewController.swift */ = {isa = PBXFileReference; lastKnownFileType = sourcecode.swift; path = SportsViewController.swift; sourceTree = "<group>"; };
		E21CFC1E2989A820008B5276 /* Base */ = {isa = PBXFileReference; lastKnownFileType = file.storyboard; name = Base; path = Base.lproj/Main.storyboard; sourceTree = "<group>"; };
		E21CFC212989A820008B5276 /* SportApp.xcdatamodel */ = {isa = PBXFileReference; lastKnownFileType = wrapper.xcdatamodel; path = SportApp.xcdatamodel; sourceTree = "<group>"; };
		E21CFC232989A822008B5276 /* Assets.xcassets */ = {isa = PBXFileReference; lastKnownFileType = folder.assetcatalog; path = Assets.xcassets; sourceTree = "<group>"; };
		E21CFC262989A822008B5276 /* Base */ = {isa = PBXFileReference; lastKnownFileType = file.storyboard; name = Base; path = Base.lproj/LaunchScreen.storyboard; sourceTree = "<group>"; };
		E21CFC282989A822008B5276 /* Info.plist */ = {isa = PBXFileReference; lastKnownFileType = text.plist.xml; path = Info.plist; sourceTree = "<group>"; };
		E21CFC2D2989A823008B5276 /* SportAppTests.xctest */ = {isa = PBXFileReference; explicitFileType = wrapper.cfbundle; includeInIndex = 0; path = SportAppTests.xctest; sourceTree = BUILT_PRODUCTS_DIR; };
		E21CFC312989A823008B5276 /* SportAppTests.swift */ = {isa = PBXFileReference; lastKnownFileType = sourcecode.swift; path = SportAppTests.swift; sourceTree = "<group>"; };
		E22F92E32997257E002440F7 /* SportViewModel.swift */ = {isa = PBXFileReference; lastKnownFileType = sourcecode.swift; path = SportViewModel.swift; sourceTree = "<group>"; };
		E265724B298F6ABF00DE4BDD /* IDataCaching.swift */ = {isa = PBXFileReference; lastKnownFileType = sourcecode.swift; path = IDataCaching.swift; sourceTree = "<group>"; };
		E265724E298F6B3000DE4BDD /* DataCaching.swift */ = {isa = PBXFileReference; lastKnownFileType = sourcecode.swift; path = DataCaching.swift; sourceTree = "<group>"; };
		E2657250299004A100DE4BDD /* DataManager.swift */ = {isa = PBXFileReference; lastKnownFileType = sourcecode.swift; path = DataManager.swift; sourceTree = "<group>"; };
		E26572522990072300DE4BDD /* FavouriteLeaguesVM.swift */ = {isa = PBXFileReference; lastKnownFileType = sourcecode.swift; path = FavouriteLeaguesVM.swift; sourceTree = "<group>"; };
		E274B1A62991AECE0078E49B /* CustomViewDelegate.swift */ = {isa = PBXFileReference; lastKnownFileType = sourcecode.swift; path = CustomViewDelegate.swift; sourceTree = "<group>"; };
		E274DCEA299AD02500094FCB /* MockTTests.swift */ = {isa = PBXFileReference; lastKnownFileType = sourcecode.swift; path = MockTTests.swift; sourceTree = "<group>"; };
		E274DCED299AD10100094FCB /* Mocking.swift */ = {isa = PBXFileReference; lastKnownFileType = sourcecode.swift; path = Mocking.swift; sourceTree = "<group>"; };
		E274DCEF299B10D600094FCB /* NetworkingTests.swift */ = {isa = PBXFileReference; lastKnownFileType = sourcecode.swift; path = NetworkingTests.swift; sourceTree = "<group>"; };
		E27C14D1299AC09500AC8ADE /* IRenderView.swift */ = {isa = PBXFileReference; lastKnownFileType = sourcecode.swift; path = IRenderView.swift; sourceTree = "<group>"; };
		E2CF288A298BB1EA002EDFAE /* SportsCollectionViewCell.swift */ = {isa = PBXFileReference; lastKnownFileType = sourcecode.swift; path = SportsCollectionViewCell.swift; sourceTree = "<group>"; };
		E2CF288F298BB724002EDFAE /* LeagueViewController.swift */ = {isa = PBXFileReference; lastKnownFileType = sourcecode.swift; path = LeagueViewController.swift; sourceTree = "<group>"; };
		E2CF2896298BBC21002EDFAE /* FavouriteLeaguesViewController.swift */ = {isa = PBXFileReference; lastKnownFileType = sourcecode.swift; path = FavouriteLeaguesViewController.swift; sourceTree = "<group>"; };
		E2DE21E72997D6F600A4BCAA /* Constants.swift */ = {isa = PBXFileReference; lastKnownFileType = sourcecode.swift; path = Constants.swift; sourceTree = "<group>"; };
		E2DE912E298D987A004BF14D /* SportModel.swift */ = {isa = PBXFileReference; lastKnownFileType = sourcecode.swift; path = SportModel.swift; sourceTree = "<group>"; };
		E2DE9130298D98F1004BF14D /* League.swift */ = {isa = PBXFileReference; lastKnownFileType = sourcecode.swift; path = League.swift; sourceTree = "<group>"; };
		E2DE9132298D9A2F004BF14D /* JsonResponse.swift */ = {isa = PBXFileReference; lastKnownFileType = sourcecode.swift; path = JsonResponse.swift; sourceTree = "<group>"; };
		E2DE9134298D9B9A004BF14D /* TeamDetailsResponse.swift */ = {isa = PBXFileReference; lastKnownFileType = sourcecode.swift; path = TeamDetailsResponse.swift; sourceTree = "<group>"; };
		E2DE9136298D9C70004BF14D /* Player.swift */ = {isa = PBXFileReference; lastKnownFileType = sourcecode.swift; path = Player.swift; sourceTree = "<group>"; };
		E2DE9138298D9C89004BF14D /* Coach.swift */ = {isa = PBXFileReference; lastKnownFileType = sourcecode.swift; path = Coach.swift; sourceTree = "<group>"; };
		E2DE913A298D9C9D004BF14D /* Team.swift */ = {isa = PBXFileReference; lastKnownFileType = sourcecode.swift; path = Team.swift; sourceTree = "<group>"; };
		E2DE913C298D9F73004BF14D /* EventResponse.swift */ = {isa = PBXFileReference; lastKnownFileType = sourcecode.swift; path = EventResponse.swift; sourceTree = "<group>"; };
		E2DE913E298DA05B004BF14D /* Event.swift */ = {isa = PBXFileReference; lastKnownFileType = sourcecode.swift; path = Event.swift; sourceTree = "<group>"; };
		E2F3EE1B299BA8D100E18240 /* URLHelper.swift */ = {isa = PBXFileReference; lastKnownFileType = sourcecode.swift; path = URLHelper.swift; sourceTree = "<group>"; };
		E2F76D1F298DDCAA00C6C531 /* AllLeaguesViewModel.swift */ = {isa = PBXFileReference; lastKnownFileType = sourcecode.swift; path = AllLeaguesViewModel.swift; sourceTree = "<group>"; };
		E2F76D22298DDE0000C6C531 /* Helper.swift */ = {isa = PBXFileReference; lastKnownFileType = sourcecode.swift; path = Helper.swift; sourceTree = "<group>"; };
		E2F76D24298DDEE400C6C531 /* NetworkManager.swift */ = {isa = PBXFileReference; lastKnownFileType = sourcecode.swift; path = NetworkManager.swift; sourceTree = "<group>"; };
		E2F76D28298DE02000C6C531 /* UrlServices.swift */ = {isa = PBXFileReference; lastKnownFileType = sourcecode.swift; path = UrlServices.swift; sourceTree = "<group>"; };
		E2F76D2A298DE0D300C6C531 /* ApiServices.swift */ = {isa = PBXFileReference; lastKnownFileType = sourcecode.swift; path = ApiServices.swift; sourceTree = "<group>"; };
/* End PBXFileReference section */

/* Begin PBXFrameworksBuildPhase section */
		E21CFC112989A820008B5276 /* Frameworks */ = {
			isa = PBXFrameworksBuildPhase;
			buildActionMask = 2147483647;
			files = (
				3AE4D82ADA8CDBF05AF53862 /* Pods_SportApp.framework in Frameworks */,
			);
			runOnlyForDeploymentPostprocessing = 0;
		};
		E21CFC2A2989A823008B5276 /* Frameworks */ = {
			isa = PBXFrameworksBuildPhase;
			buildActionMask = 2147483647;
			files = (
				EAACB5CEA1A1BF3649BAD82A /* Pods_SportAppTests.framework in Frameworks */,
			);
			runOnlyForDeploymentPostprocessing = 0;
		};
/* End PBXFrameworksBuildPhase section */

/* Begin PBXGroup section */
		064974EF2B464DFD1ED24FDB /* Frameworks */ = {
			isa = PBXGroup;
			children = (
				4B69DF44BDE0239FABF048ED /* Pods_SportApp.framework */,
				A8D6E285A840BAAD55826982 /* Pods_SportApp_SportAppUITests.framework */,
				A29E0231393A416150A3ECC4 /* Pods_SportAppTests.framework */,
			);
			name = Frameworks;
			sourceTree = "<group>";
		};
		E20FB8042989E8B400AF8ED0 /* XIP_Files */ = {
			isa = PBXGroup;
			children = (
				E20FB8052989E8EF00AF8ED0 /* LeagueTableViewCell.swift */,
				E20FB8062989E8EF00AF8ED0 /* LeagueTableViewCell.xib */,
			);
			path = XIP_Files;
			sourceTree = "<group>";
		};
		E21CFC0B2989A81F008B5276 = {
			isa = PBXGroup;
			children = (
				4F32E698298D2A4F00AAEC79 /* SecondStoryboard.storyboard */,
				E21CFC162989A820008B5276 /* SportApp */,
				E21CFC302989A823008B5276 /* SportAppTests */,
				E21CFC152989A820008B5276 /* Products */,
				EFC3FFCA6A30AB31373162F3 /* Pods */,
				064974EF2B464DFD1ED24FDB /* Frameworks */,
			);
			sourceTree = "<group>";
		};
		E21CFC152989A820008B5276 /* Products */ = {
			isa = PBXGroup;
			children = (
				E21CFC142989A820008B5276 /* SportApp.app */,
				E21CFC2D2989A823008B5276 /* SportAppTests.xctest */,
			);
			name = Products;
			sourceTree = "<group>";
		};
		E21CFC162989A820008B5276 /* SportApp */ = {
			isa = PBXGroup;
			children = (
				E2F76D21298DDDC300C6C531 /* Common */,
				E2B3598A2989AAF100CAE96B /* Contract */,
				E2B359872989AA7500CAE96B /* View */,
				E2B359862989AA5D00CAE96B /* Utili */,
				E2B359832989AA0800CAE96B /* Services */,
				E2B359822989A9ED00CAE96B /* Model */,
				E2B359812989A9D800CAE96B /* ViewModel */,
				E21CFC282989A822008B5276 /* Info.plist */,
			);
			path = SportApp;
			sourceTree = "<group>";
		};
		E21CFC302989A823008B5276 /* SportAppTests */ = {
			isa = PBXGroup;
			children = (
				4F071E5C299C16EC008B38FE /* NetworkManagerTests.swift */,
				E274DCEF299B10D600094FCB /* NetworkingTests.swift */,
				E274DCEA299AD02500094FCB /* MockTTests.swift */,
				E21CFC312989A823008B5276 /* SportAppTests.swift */,
			);
			path = SportAppTests;
			sourceTree = "<group>";
		};
		E274DCEC299AD0E700094FCB /* Mocking */ = {
			isa = PBXGroup;
			children = (
				E274DCED299AD10100094FCB /* Mocking.swift */,
			);
			path = Mocking;
			sourceTree = "<group>";
		};
		E2B359812989A9D800CAE96B /* ViewModel */ = {
			isa = PBXGroup;
			children = (
				4F1FA39C29939E3800FA9F5F /* EventsViewModel.swift */,
				4F1FA39A29939DED00FA9F5F /* TeamsViewModel.swift */,
				E2F76D1F298DDCAA00C6C531 /* AllLeaguesViewModel.swift */,
				E26572522990072300DE4BDD /* FavouriteLeaguesVM.swift */,
				E22F92E32997257E002440F7 /* SportViewModel.swift */,
			);
			path = ViewModel;
			sourceTree = "<group>";
		};
		E2B359822989A9ED00CAE96B /* Model */ = {
			isa = PBXGroup;
			children = (
				E2DE912E298D987A004BF14D /* SportModel.swift */,
				E2DE9130298D98F1004BF14D /* League.swift */,
				E2DE9132298D9A2F004BF14D /* JsonResponse.swift */,
				E2DE9134298D9B9A004BF14D /* TeamDetailsResponse.swift */,
				E2DE9136298D9C70004BF14D /* Player.swift */,
				E2DE9138298D9C89004BF14D /* Coach.swift */,
				E2DE913A298D9C9D004BF14D /* Team.swift */,
				E2DE913C298D9F73004BF14D /* EventResponse.swift */,
				E2DE913E298DA05B004BF14D /* Event.swift */,
				E2F3EE1B299BA8D100E18240 /* URLHelper.swift */,
			);
			path = Model;
			sourceTree = "<group>";
		};
		E2B359832989AA0800CAE96B /* Services */ = {
			isa = PBXGroup;
			children = (
				E274DCEC299AD0E700094FCB /* Mocking */,
				E2B359852989AA2B00CAE96B /* NetworkServices */,
				E2B359842989AA1B00CAE96B /* DataServices */,
			);
			path = Services;
			sourceTree = "<group>";
		};
		E2B359842989AA1B00CAE96B /* DataServices */ = {
			isa = PBXGroup;
			children = (
				E265724E298F6B3000DE4BDD /* DataCaching.swift */,
				E2657250299004A100DE4BDD /* DataManager.swift */,
				E2B359892989AAB900CAE96B /* CoreDataEntity */,
			);
			path = DataServices;
			sourceTree = "<group>";
		};
		E2B359852989AA2B00CAE96B /* NetworkServices */ = {
			isa = PBXGroup;
			children = (
				E2F76D24298DDEE400C6C531 /* NetworkManager.swift */,
				4F1FA39E2993A09D00FA9F5F /* TeamsNetworkManager.swift */,
				4F1FA3A02993A0CB00FA9F5F /* EventsNetworkManager.swift */,
				E2F76D28298DE02000C6C531 /* UrlServices.swift */,
			);
			path = NetworkServices;
			sourceTree = "<group>";
		};
		E2B359862989AA5D00CAE96B /* Utili */ = {
			isa = PBXGroup;
			children = (
				E21CFC192989A820008B5276 /* SceneDelegate.swift */,
				E21CFC172989A820008B5276 /* AppDelegate.swift */,
				E21CFC232989A822008B5276 /* Assets.xcassets */,
				E2081BF229953DE9007291B6 /* splash.json */,
			);
			path = Utili;
			sourceTree = "<group>";
		};
		E2B359872989AA7500CAE96B /* View */ = {
			isa = PBXGroup;
			children = (
				E2DE21E62997D67D00A4BCAA /* CustomCell */,
				E2CF2894298BB883002EDFAE /* Storyboard */,
				E2B359882989AA8300CAE96B /* Controller */,
			);
			path = View;
			sourceTree = "<group>";
		};
		E2B359882989AA8300CAE96B /* Controller */ = {
			isa = PBXGroup;
			children = (
				4F32E69C298D3D5600AAEC79 /* TeamDetailsVC.swift */,
				4F32E69A298D2D9400AAEC79 /* LeagueDetailsVC.swift */,
				E2CF2893298BB7EA002EDFAE /* SportsController */,
				E2CF2892298BB7BD002EDFAE /* LeagueController */,
				E2CF2891298BB746002EDFAE /* FavouriteLeagues */,
				E2081BF029953477007291B6 /* SplashViewController.swift */,
			);
			path = Controller;
			sourceTree = "<group>";
		};
		E2B359892989AAB900CAE96B /* CoreDataEntity */ = {
			isa = PBXGroup;
			children = (
				E21CFC202989A820008B5276 /* SportApp.xcdatamodeld */,
			);
			path = CoreDataEntity;
			sourceTree = "<group>";
		};
		E2B3598A2989AAF100CAE96B /* Contract */ = {
			isa = PBXGroup;
			children = (
				E2F76D2A298DE0D300C6C531 /* ApiServices.swift */,
				E265724B298F6ABF00DE4BDD /* IDataCaching.swift */,
				E274B1A62991AECE0078E49B /* CustomViewDelegate.swift */,
				E27C14D1299AC09500AC8ADE /* IRenderView.swift */,
			);
			path = Contract;
			sourceTree = "<group>";
		};
		E2CF2889298BB0FB002EDFAE /* SportsCollectionViewCell */ = {
			isa = PBXGroup;
			children = (
				E2CF288A298BB1EA002EDFAE /* SportsCollectionViewCell.swift */,
			);
			path = SportsCollectionViewCell;
			sourceTree = "<group>";
		};
		E2CF288C298BB609002EDFAE /* LeagueTableCell */ = {
			isa = PBXGroup;
			children = (
				E20FB8042989E8B400AF8ED0 /* XIP_Files */,
			);
			path = LeagueTableCell;
			sourceTree = "<group>";
		};
		E2CF2891298BB746002EDFAE /* FavouriteLeagues */ = {
			isa = PBXGroup;
			children = (
				E2CF2896298BBC21002EDFAE /* FavouriteLeaguesViewController.swift */,
			);
			path = FavouriteLeagues;
			sourceTree = "<group>";
		};
		E2CF2892298BB7BD002EDFAE /* LeagueController */ = {
			isa = PBXGroup;
			children = (
				E2CF288F298BB724002EDFAE /* LeagueViewController.swift */,
			);
			path = LeagueController;
			sourceTree = "<group>";
		};
		E2CF2893298BB7EA002EDFAE /* SportsController */ = {
			isa = PBXGroup;
			children = (
				E21CFC1B2989A820008B5276 /* SportsViewController.swift */,
			);
			path = SportsController;
			sourceTree = "<group>";
		};
		E2CF2894298BB883002EDFAE /* Storyboard */ = {
			isa = PBXGroup;
			children = (
				E21CFC1D2989A820008B5276 /* Main.storyboard */,
				E21CFC252989A822008B5276 /* LaunchScreen.storyboard */,
			);
			path = Storyboard;
			sourceTree = "<group>";
		};
		E2DE21E62997D67D00A4BCAA /* CustomCell */ = {
			isa = PBXGroup;
			children = (
				4F3E9E0C298E60CA005546FF /* TeamCollectionViewCell.swift */,
				4F918053298E3E5B00768259 /* LeagueCollectionViewCell.swift */,
				E2CF288C298BB609002EDFAE /* LeagueTableCell */,
				E2CF2889298BB0FB002EDFAE /* SportsCollectionViewCell */,
			);
			path = CustomCell;
			sourceTree = "<group>";
		};
		E2F76D21298DDDC300C6C531 /* Common */ = {
			isa = PBXGroup;
			children = (
				E2F76D22298DDE0000C6C531 /* Helper.swift */,
				E2DE21E72997D6F600A4BCAA /* Constants.swift */,
			);
			path = Common;
			sourceTree = "<group>";
		};
		EFC3FFCA6A30AB31373162F3 /* Pods */ = {
			isa = PBXGroup;
			children = (
				D891F6E0C60852552D08611C /* Pods-SportApp.debug.xcconfig */,
				6D51B4A035978C770D0AA1F3 /* Pods-SportApp.release.xcconfig */,
				281D78AA305E846492827130 /* Pods-SportApp-SportAppUITests.debug.xcconfig */,
				8C482232DA7C51EB50074B0B /* Pods-SportApp-SportAppUITests.release.xcconfig */,
				33BA9E6CCDE650A36B102888 /* Pods-SportAppTests.debug.xcconfig */,
				94AE08D242F92DEDB74E1A55 /* Pods-SportAppTests.release.xcconfig */,
			);
			path = Pods;
			sourceTree = "<group>";
		};
/* End PBXGroup section */

/* Begin PBXNativeTarget section */
		E21CFC132989A820008B5276 /* SportApp */ = {
			isa = PBXNativeTarget;
			buildConfigurationList = E21CFC412989A823008B5276 /* Build configuration list for PBXNativeTarget "SportApp" */;
			buildPhases = (
				AA6AD03BD8B397CF0D3C0AF9 /* [CP] Check Pods Manifest.lock */,
				E21CFC102989A820008B5276 /* Sources */,
				E21CFC112989A820008B5276 /* Frameworks */,
				E21CFC122989A820008B5276 /* Resources */,
				3D0D8FA89BABEA49ACEF7915 /* [CP] Embed Pods Frameworks */,
			);
			buildRules = (
			);
			dependencies = (
			);
			name = SportApp;
			productName = SportApp;
			productReference = E21CFC142989A820008B5276 /* SportApp.app */;
			productType = "com.apple.product-type.application";
		};
		E21CFC2C2989A823008B5276 /* SportAppTests */ = {
			isa = PBXNativeTarget;
			buildConfigurationList = E21CFC442989A823008B5276 /* Build configuration list for PBXNativeTarget "SportAppTests" */;
			buildPhases = (
				BCDF2915C3161DD0B18437E4 /* [CP] Check Pods Manifest.lock */,
				E21CFC292989A823008B5276 /* Sources */,
				E21CFC2A2989A823008B5276 /* Frameworks */,
				E21CFC2B2989A823008B5276 /* Resources */,
			);
			buildRules = (
			);
			dependencies = (
				E21CFC2F2989A823008B5276 /* PBXTargetDependency */,
			);
			name = SportAppTests;
			productName = SportAppTests;
			productReference = E21CFC2D2989A823008B5276 /* SportAppTests.xctest */;
			productType = "com.apple.product-type.bundle.unit-test";
		};
/* End PBXNativeTarget section */

/* Begin PBXProject section */
		E21CFC0C2989A81F008B5276 /* Project object */ = {
			isa = PBXProject;
			attributes = {
				BuildIndependentTargetsInParallel = 1;
				LastSwiftUpdateCheck = 1420;
				LastUpgradeCheck = 1420;
				TargetAttributes = {
					E21CFC132989A820008B5276 = {
						CreatedOnToolsVersion = 14.2;
					};
					E21CFC2C2989A823008B5276 = {
						CreatedOnToolsVersion = 14.2;
						TestTargetID = E21CFC132989A820008B5276;
					};
				};
			};
			buildConfigurationList = E21CFC0F2989A81F008B5276 /* Build configuration list for PBXProject "SportApp" */;
			compatibilityVersion = "Xcode 14.0";
			developmentRegion = en;
			hasScannedForEncodings = 0;
			knownRegions = (
				en,
				Base,
			);
			mainGroup = E21CFC0B2989A81F008B5276;
			productRefGroup = E21CFC152989A820008B5276 /* Products */;
			projectDirPath = "";
			projectRoot = "";
			targets = (
				E21CFC132989A820008B5276 /* SportApp */,
				E21CFC2C2989A823008B5276 /* SportAppTests */,
			);
		};
/* End PBXProject section */

/* Begin PBXResourcesBuildPhase section */
		E21CFC122989A820008B5276 /* Resources */ = {
			isa = PBXResourcesBuildPhase;
			buildActionMask = 2147483647;
			files = (
				E2081BF329953DE9007291B6 /* splash.json in Resources */,
				E21CFC272989A822008B5276 /* LaunchScreen.storyboard in Resources */,
				E21CFC242989A822008B5276 /* Assets.xcassets in Resources */,
				4F32E699298D2A4F00AAEC79 /* SecondStoryboard.storyboard in Resources */,
				E20FB8082989E8EF00AF8ED0 /* LeagueTableViewCell.xib in Resources */,
				E21CFC1F2989A820008B5276 /* Main.storyboard in Resources */,
			);
			runOnlyForDeploymentPostprocessing = 0;
		};
		E21CFC2B2989A823008B5276 /* Resources */ = {
			isa = PBXResourcesBuildPhase;
			buildActionMask = 2147483647;
			files = (
			);
			runOnlyForDeploymentPostprocessing = 0;
		};
/* End PBXResourcesBuildPhase section */

/* Begin PBXShellScriptBuildPhase section */
		3D0D8FA89BABEA49ACEF7915 /* [CP] Embed Pods Frameworks */ = {
			isa = PBXShellScriptBuildPhase;
			buildActionMask = 2147483647;
			files = (
			);
			inputFileListPaths = (
				"${PODS_ROOT}/Target Support Files/Pods-SportApp/Pods-SportApp-frameworks-${CONFIGURATION}-input-files.xcfilelist",
			);
			name = "[CP] Embed Pods Frameworks";
			outputFileListPaths = (
				"${PODS_ROOT}/Target Support Files/Pods-SportApp/Pods-SportApp-frameworks-${CONFIGURATION}-output-files.xcfilelist",
			);
			runOnlyForDeploymentPostprocessing = 0;
			shellPath = /bin/sh;
			shellScript = "\"${PODS_ROOT}/Target Support Files/Pods-SportApp/Pods-SportApp-frameworks.sh\"\n";
			showEnvVarsInLog = 0;
		};
		AA6AD03BD8B397CF0D3C0AF9 /* [CP] Check Pods Manifest.lock */ = {
			isa = PBXShellScriptBuildPhase;
			buildActionMask = 2147483647;
			files = (
			);
			inputFileListPaths = (
			);
			inputPaths = (
				"${PODS_PODFILE_DIR_PATH}/Podfile.lock",
				"${PODS_ROOT}/Manifest.lock",
			);
			name = "[CP] Check Pods Manifest.lock";
			outputFileListPaths = (
			);
			outputPaths = (
				"$(DERIVED_FILE_DIR)/Pods-SportApp-checkManifestLockResult.txt",
			);
			runOnlyForDeploymentPostprocessing = 0;
			shellPath = /bin/sh;
			shellScript = "diff \"${PODS_PODFILE_DIR_PATH}/Podfile.lock\" \"${PODS_ROOT}/Manifest.lock\" > /dev/null\nif [ $? != 0 ] ; then\n    # print error to STDERR\n    echo \"error: The sandbox is not in sync with the Podfile.lock. Run 'pod install' or update your CocoaPods installation.\" >&2\n    exit 1\nfi\n# This output is used by Xcode 'outputs' to avoid re-running this script phase.\necho \"SUCCESS\" > \"${SCRIPT_OUTPUT_FILE_0}\"\n";
			showEnvVarsInLog = 0;
		};
		BCDF2915C3161DD0B18437E4 /* [CP] Check Pods Manifest.lock */ = {
			isa = PBXShellScriptBuildPhase;
			buildActionMask = 2147483647;
			files = (
			);
			inputFileListPaths = (
			);
			inputPaths = (
				"${PODS_PODFILE_DIR_PATH}/Podfile.lock",
				"${PODS_ROOT}/Manifest.lock",
			);
			name = "[CP] Check Pods Manifest.lock";
			outputFileListPaths = (
			);
			outputPaths = (
				"$(DERIVED_FILE_DIR)/Pods-SportAppTests-checkManifestLockResult.txt",
			);
			runOnlyForDeploymentPostprocessing = 0;
			shellPath = /bin/sh;
			shellScript = "diff \"${PODS_PODFILE_DIR_PATH}/Podfile.lock\" \"${PODS_ROOT}/Manifest.lock\" > /dev/null\nif [ $? != 0 ] ; then\n    # print error to STDERR\n    echo \"error: The sandbox is not in sync with the Podfile.lock. Run 'pod install' or update your CocoaPods installation.\" >&2\n    exit 1\nfi\n# This output is used by Xcode 'outputs' to avoid re-running this script phase.\necho \"SUCCESS\" > \"${SCRIPT_OUTPUT_FILE_0}\"\n";
			showEnvVarsInLog = 0;
		};
/* End PBXShellScriptBuildPhase section */

/* Begin PBXSourcesBuildPhase section */
		E21CFC102989A820008B5276 /* Sources */ = {
			isa = PBXSourcesBuildPhase;
			buildActionMask = 2147483647;
			files = (
				E2657251299004A100DE4BDD /* DataManager.swift in Sources */,
				E2CF2897298BBC21002EDFAE /* FavouriteLeaguesViewController.swift in Sources */,
				E274B1A72991AECE0078E49B /* CustomViewDelegate.swift in Sources */,
				4F1FA39D29939E3800FA9F5F /* EventsViewModel.swift in Sources */,
				E2CF2890298BB724002EDFAE /* LeagueViewController.swift in Sources */,
				4F32E69D298D3D5600AAEC79 /* TeamDetailsVC.swift in Sources */,
				4F1FA3A12993A0CB00FA9F5F /* EventsNetworkManager.swift in Sources */,
				E2DE913D298D9F73004BF14D /* EventResponse.swift in Sources */,
				E2F76D25298DDEE400C6C531 /* NetworkManager.swift in Sources */,
				E21CFC1C2989A820008B5276 /* SportsViewController.swift in Sources */,
				E2DE9139298D9C89004BF14D /* Coach.swift in Sources */,
				E265724F298F6B3000DE4BDD /* DataCaching.swift in Sources */,
				4F1FA39F2993A09D00FA9F5F /* TeamsNetworkManager.swift in Sources */,
				4F3E9E0D298E60CA005546FF /* TeamCollectionViewCell.swift in Sources */,
				E27C14D2299AC09500AC8ADE /* IRenderView.swift in Sources */,
				E2DE913F298DA05B004BF14D /* Event.swift in Sources */,
				E2CF288B298BB1EA002EDFAE /* SportsCollectionViewCell.swift in Sources */,
				E20FB8072989E8EF00AF8ED0 /* LeagueTableViewCell.swift in Sources */,
				E265724C298F6ABF00DE4BDD /* IDataCaching.swift in Sources */,
				E2DE9135298D9B9A004BF14D /* TeamDetailsResponse.swift in Sources */,
				E2F76D29298DE02000C6C531 /* UrlServices.swift in Sources */,
				E2DE913B298D9C9D004BF14D /* Team.swift in Sources */,
				E21CFC182989A820008B5276 /* AppDelegate.swift in Sources */,
				E2DE9133298D9A2F004BF14D /* JsonResponse.swift in Sources */,
				E23354B42993C88B008ED0CE /* (null) in Sources */,
				E2081BF129953477007291B6 /* SplashViewController.swift in Sources */,
				4F32E69B298D2D9400AAEC79 /* LeagueDetailsVC.swift in Sources */,
				4F1FA39B29939DED00FA9F5F /* TeamsViewModel.swift in Sources */,
				E274DCEE299AD10100094FCB /* Mocking.swift in Sources */,
				E2F76D23298DDE0000C6C531 /* Helper.swift in Sources */,
				E2F76D23298DDE0000C6C531 /* Helper.swift in Sources */,
				E26572532990072300DE4BDD /* FavouriteLeaguesVM.swift in Sources */,
				E2DE21E82997D6F600A4BCAA /* Constants.swift in Sources */,
				E21CFC222989A820008B5276 /* SportApp.xcdatamodeld in Sources */,
				E2F3EE1C299BA8D100E18240 /* URLHelper.swift in Sources */,
				E2F76D2B298DE0D300C6C531 /* ApiServices.swift in Sources */,
				E2DE912F298D987A004BF14D /* SportModel.swift in Sources */,
				E2DE9131298D98F1004BF14D /* League.swift in Sources */,
				E2DE9137298D9C70004BF14D /* Player.swift in Sources */,
				E21CFC1A2989A820008B5276 /* SceneDelegate.swift in Sources */,
				E2F76D20298DDCAB00C6C531 /* AllLeaguesViewModel.swift in Sources */,
				4F918054298E3E5B00768259 /* LeagueCollectionViewCell.swift in Sources */,
				E22F92E42997257E002440F7 /* SportViewModel.swift in Sources */,
			);
			runOnlyForDeploymentPostprocessing = 0;
		};
		E21CFC292989A823008B5276 /* Sources */ = {
			isa = PBXSourcesBuildPhase;
			buildActionMask = 2147483647;
			files = (
				4F071E5D299C16EC008B38FE /* NetworkManagerTests.swift in Sources */,
				E274DCEB299AD02500094FCB /* MockTTests.swift in Sources */,
				E274DCF0299B10D600094FCB /* NetworkingTests.swift in Sources */,
				E21CFC322989A823008B5276 /* SportAppTests.swift in Sources */,
			);
			runOnlyForDeploymentPostprocessing = 0;
		};
/* End PBXSourcesBuildPhase section */

/* Begin PBXTargetDependency section */
		E21CFC2F2989A823008B5276 /* PBXTargetDependency */ = {
			isa = PBXTargetDependency;
			target = E21CFC132989A820008B5276 /* SportApp */;
			targetProxy = E21CFC2E2989A823008B5276 /* PBXContainerItemProxy */;
		};
/* End PBXTargetDependency section */

/* Begin PBXVariantGroup section */
		E21CFC1D2989A820008B5276 /* Main.storyboard */ = {
			isa = PBXVariantGroup;
			children = (
				E21CFC1E2989A820008B5276 /* Base */,
			);
			name = Main.storyboard;
			sourceTree = "<group>";
		};
		E21CFC252989A822008B5276 /* LaunchScreen.storyboard */ = {
			isa = PBXVariantGroup;
			children = (
				E21CFC262989A822008B5276 /* Base */,
			);
			name = LaunchScreen.storyboard;
			sourceTree = "<group>";
		};
/* End PBXVariantGroup section */

/* Begin XCBuildConfiguration section */
		E21CFC3F2989A823008B5276 /* Debug */ = {
			isa = XCBuildConfiguration;
			buildSettings = {
				ALWAYS_SEARCH_USER_PATHS = NO;
				CLANG_ANALYZER_NONNULL = YES;
				CLANG_ANALYZER_NUMBER_OBJECT_CONVERSION = YES_AGGRESSIVE;
				CLANG_CXX_LANGUAGE_STANDARD = "gnu++20";
				CLANG_ENABLE_MODULES = YES;
				CLANG_ENABLE_OBJC_ARC = YES;
				CLANG_ENABLE_OBJC_WEAK = YES;
				CLANG_WARN_BLOCK_CAPTURE_AUTORELEASING = YES;
				CLANG_WARN_BOOL_CONVERSION = YES;
				CLANG_WARN_COMMA = YES;
				CLANG_WARN_CONSTANT_CONVERSION = YES;
				CLANG_WARN_DEPRECATED_OBJC_IMPLEMENTATIONS = YES;
				CLANG_WARN_DIRECT_OBJC_ISA_USAGE = YES_ERROR;
				CLANG_WARN_DOCUMENTATION_COMMENTS = YES;
				CLANG_WARN_EMPTY_BODY = YES;
				CLANG_WARN_ENUM_CONVERSION = YES;
				CLANG_WARN_INFINITE_RECURSION = YES;
				CLANG_WARN_INT_CONVERSION = YES;
				CLANG_WARN_NON_LITERAL_NULL_CONVERSION = YES;
				CLANG_WARN_OBJC_IMPLICIT_RETAIN_SELF = YES;
				CLANG_WARN_OBJC_LITERAL_CONVERSION = YES;
				CLANG_WARN_OBJC_ROOT_CLASS = YES_ERROR;
				CLANG_WARN_QUOTED_INCLUDE_IN_FRAMEWORK_HEADER = YES;
				CLANG_WARN_RANGE_LOOP_ANALYSIS = YES;
				CLANG_WARN_STRICT_PROTOTYPES = YES;
				CLANG_WARN_SUSPICIOUS_MOVE = YES;
				CLANG_WARN_UNGUARDED_AVAILABILITY = YES_AGGRESSIVE;
				CLANG_WARN_UNREACHABLE_CODE = YES;
				CLANG_WARN__DUPLICATE_METHOD_MATCH = YES;
				COPY_PHASE_STRIP = NO;
				DEBUG_INFORMATION_FORMAT = dwarf;
				ENABLE_STRICT_OBJC_MSGSEND = YES;
				ENABLE_TESTABILITY = YES;
				GCC_C_LANGUAGE_STANDARD = gnu11;
				GCC_DYNAMIC_NO_PIC = NO;
				GCC_NO_COMMON_BLOCKS = YES;
				GCC_OPTIMIZATION_LEVEL = 0;
				GCC_PREPROCESSOR_DEFINITIONS = (
					"DEBUG=1",
					"$(inherited)",
				);
				GCC_WARN_64_TO_32_BIT_CONVERSION = YES;
				GCC_WARN_ABOUT_RETURN_TYPE = YES_ERROR;
				GCC_WARN_UNDECLARED_SELECTOR = YES;
				GCC_WARN_UNINITIALIZED_AUTOS = YES_AGGRESSIVE;
				GCC_WARN_UNUSED_FUNCTION = YES;
				GCC_WARN_UNUSED_VARIABLE = YES;
				IPHONEOS_DEPLOYMENT_TARGET = 16.2;
				MTL_ENABLE_DEBUG_INFO = INCLUDE_SOURCE;
				MTL_FAST_MATH = YES;
				ONLY_ACTIVE_ARCH = YES;
				SDKROOT = iphoneos;
				SWIFT_ACTIVE_COMPILATION_CONDITIONS = DEBUG;
				SWIFT_OPTIMIZATION_LEVEL = "-Onone";
			};
			name = Debug;
		};
		E21CFC402989A823008B5276 /* Release */ = {
			isa = XCBuildConfiguration;
			buildSettings = {
				ALWAYS_SEARCH_USER_PATHS = NO;
				CLANG_ANALYZER_NONNULL = YES;
				CLANG_ANALYZER_NUMBER_OBJECT_CONVERSION = YES_AGGRESSIVE;
				CLANG_CXX_LANGUAGE_STANDARD = "gnu++20";
				CLANG_ENABLE_MODULES = YES;
				CLANG_ENABLE_OBJC_ARC = YES;
				CLANG_ENABLE_OBJC_WEAK = YES;
				CLANG_WARN_BLOCK_CAPTURE_AUTORELEASING = YES;
				CLANG_WARN_BOOL_CONVERSION = YES;
				CLANG_WARN_COMMA = YES;
				CLANG_WARN_CONSTANT_CONVERSION = YES;
				CLANG_WARN_DEPRECATED_OBJC_IMPLEMENTATIONS = YES;
				CLANG_WARN_DIRECT_OBJC_ISA_USAGE = YES_ERROR;
				CLANG_WARN_DOCUMENTATION_COMMENTS = YES;
				CLANG_WARN_EMPTY_BODY = YES;
				CLANG_WARN_ENUM_CONVERSION = YES;
				CLANG_WARN_INFINITE_RECURSION = YES;
				CLANG_WARN_INT_CONVERSION = YES;
				CLANG_WARN_NON_LITERAL_NULL_CONVERSION = YES;
				CLANG_WARN_OBJC_IMPLICIT_RETAIN_SELF = YES;
				CLANG_WARN_OBJC_LITERAL_CONVERSION = YES;
				CLANG_WARN_OBJC_ROOT_CLASS = YES_ERROR;
				CLANG_WARN_QUOTED_INCLUDE_IN_FRAMEWORK_HEADER = YES;
				CLANG_WARN_RANGE_LOOP_ANALYSIS = YES;
				CLANG_WARN_STRICT_PROTOTYPES = YES;
				CLANG_WARN_SUSPICIOUS_MOVE = YES;
				CLANG_WARN_UNGUARDED_AVAILABILITY = YES_AGGRESSIVE;
				CLANG_WARN_UNREACHABLE_CODE = YES;
				CLANG_WARN__DUPLICATE_METHOD_MATCH = YES;
				COPY_PHASE_STRIP = NO;
				DEBUG_INFORMATION_FORMAT = "dwarf-with-dsym";
				ENABLE_NS_ASSERTIONS = NO;
				ENABLE_STRICT_OBJC_MSGSEND = YES;
				GCC_C_LANGUAGE_STANDARD = gnu11;
				GCC_NO_COMMON_BLOCKS = YES;
				GCC_WARN_64_TO_32_BIT_CONVERSION = YES;
				GCC_WARN_ABOUT_RETURN_TYPE = YES_ERROR;
				GCC_WARN_UNDECLARED_SELECTOR = YES;
				GCC_WARN_UNINITIALIZED_AUTOS = YES_AGGRESSIVE;
				GCC_WARN_UNUSED_FUNCTION = YES;
				GCC_WARN_UNUSED_VARIABLE = YES;
				IPHONEOS_DEPLOYMENT_TARGET = 16.2;
				MTL_ENABLE_DEBUG_INFO = NO;
				MTL_FAST_MATH = YES;
				SDKROOT = iphoneos;
				SWIFT_COMPILATION_MODE = wholemodule;
				SWIFT_OPTIMIZATION_LEVEL = "-O";
				VALIDATE_PRODUCT = YES;
			};
			name = Release;
		};
		E21CFC422989A823008B5276 /* Debug */ = {
			isa = XCBuildConfiguration;
			baseConfigurationReference = D891F6E0C60852552D08611C /* Pods-SportApp.debug.xcconfig */;
			buildSettings = {
				ASSETCATALOG_COMPILER_APPICON_NAME = AppIcon;
				ASSETCATALOG_COMPILER_GLOBAL_ACCENT_COLOR_NAME = AccentColor;
				CODE_SIGN_STYLE = Automatic;
				CURRENT_PROJECT_VERSION = 1;
				GENERATE_INFOPLIST_FILE = YES;
				INFOPLIST_FILE = SportApp/Info.plist;
				INFOPLIST_KEY_UIApplicationSupportsIndirectInputEvents = YES;
				INFOPLIST_KEY_UILaunchStoryboardName = LaunchScreen;
				INFOPLIST_KEY_UIMainStoryboardFile = Main;
				INFOPLIST_KEY_UISupportedInterfaceOrientations_iPad = "UIInterfaceOrientationPortrait UIInterfaceOrientationPortraitUpsideDown UIInterfaceOrientationLandscapeLeft UIInterfaceOrientationLandscapeRight";
				INFOPLIST_KEY_UISupportedInterfaceOrientations_iPhone = "UIInterfaceOrientationPortrait UIInterfaceOrientationLandscapeLeft UIInterfaceOrientationLandscapeRight";
				LD_RUNPATH_SEARCH_PATHS = (
					"$(inherited)",
					"@executable_path/Frameworks",
				);
				MARKETING_VERSION = 1.0;
				PRODUCT_BUNDLE_IDENTIFIER = ITI.SportApp;
				PRODUCT_NAME = "$(TARGET_NAME)";
				SWIFT_EMIT_LOC_STRINGS = YES;
				SWIFT_VERSION = 5.0;
				TARGETED_DEVICE_FAMILY = "1,2";
			};
			name = Debug;
		};
		E21CFC432989A823008B5276 /* Release */ = {
			isa = XCBuildConfiguration;
			baseConfigurationReference = 6D51B4A035978C770D0AA1F3 /* Pods-SportApp.release.xcconfig */;
			buildSettings = {
				ASSETCATALOG_COMPILER_APPICON_NAME = AppIcon;
				ASSETCATALOG_COMPILER_GLOBAL_ACCENT_COLOR_NAME = AccentColor;
				CODE_SIGN_STYLE = Automatic;
				CURRENT_PROJECT_VERSION = 1;
				GENERATE_INFOPLIST_FILE = YES;
				INFOPLIST_FILE = SportApp/Info.plist;
				INFOPLIST_KEY_UIApplicationSupportsIndirectInputEvents = YES;
				INFOPLIST_KEY_UILaunchStoryboardName = LaunchScreen;
				INFOPLIST_KEY_UIMainStoryboardFile = Main;
				INFOPLIST_KEY_UISupportedInterfaceOrientations_iPad = "UIInterfaceOrientationPortrait UIInterfaceOrientationPortraitUpsideDown UIInterfaceOrientationLandscapeLeft UIInterfaceOrientationLandscapeRight";
				INFOPLIST_KEY_UISupportedInterfaceOrientations_iPhone = "UIInterfaceOrientationPortrait UIInterfaceOrientationLandscapeLeft UIInterfaceOrientationLandscapeRight";
				LD_RUNPATH_SEARCH_PATHS = (
					"$(inherited)",
					"@executable_path/Frameworks",
				);
				MARKETING_VERSION = 1.0;
				PRODUCT_BUNDLE_IDENTIFIER = ITI.SportApp;
				PRODUCT_NAME = "$(TARGET_NAME)";
				SWIFT_EMIT_LOC_STRINGS = YES;
				SWIFT_VERSION = 5.0;
				TARGETED_DEVICE_FAMILY = "1,2";
			};
			name = Release;
		};
		E21CFC452989A823008B5276 /* Debug */ = {
			isa = XCBuildConfiguration;
			baseConfigurationReference = 33BA9E6CCDE650A36B102888 /* Pods-SportAppTests.debug.xcconfig */;
			buildSettings = {
				ALWAYS_EMBED_SWIFT_STANDARD_LIBRARIES = YES;
				BUNDLE_LOADER = "$(TEST_HOST)";
				CODE_SIGN_STYLE = Automatic;
				CURRENT_PROJECT_VERSION = 1;
				GENERATE_INFOPLIST_FILE = YES;
				IPHONEOS_DEPLOYMENT_TARGET = 16.2;
				MARKETING_VERSION = 1.0;
				PRODUCT_BUNDLE_IDENTIFIER = ITI.SportAppTests;
				PRODUCT_NAME = "$(TARGET_NAME)";
				SWIFT_EMIT_LOC_STRINGS = NO;
				SWIFT_VERSION = 5.0;
				TARGETED_DEVICE_FAMILY = "1,2";
				TEST_HOST = "$(BUILT_PRODUCTS_DIR)/SportApp.app/$(BUNDLE_EXECUTABLE_FOLDER_PATH)/SportApp";
			};
			name = Debug;
		};
		E21CFC462989A823008B5276 /* Release */ = {
			isa = XCBuildConfiguration;
			baseConfigurationReference = 94AE08D242F92DEDB74E1A55 /* Pods-SportAppTests.release.xcconfig */;
			buildSettings = {
				ALWAYS_EMBED_SWIFT_STANDARD_LIBRARIES = YES;
				BUNDLE_LOADER = "$(TEST_HOST)";
				CODE_SIGN_STYLE = Automatic;
				CURRENT_PROJECT_VERSION = 1;
				GENERATE_INFOPLIST_FILE = YES;
				IPHONEOS_DEPLOYMENT_TARGET = 16.2;
				MARKETING_VERSION = 1.0;
				PRODUCT_BUNDLE_IDENTIFIER = ITI.SportAppTests;
				PRODUCT_NAME = "$(TARGET_NAME)";
				SWIFT_EMIT_LOC_STRINGS = NO;
				SWIFT_VERSION = 5.0;
				TARGETED_DEVICE_FAMILY = "1,2";
				TEST_HOST = "$(BUILT_PRODUCTS_DIR)/SportApp.app/$(BUNDLE_EXECUTABLE_FOLDER_PATH)/SportApp";
			};
			name = Release;
		};
/* End XCBuildConfiguration section */

/* Begin XCConfigurationList section */
		E21CFC0F2989A81F008B5276 /* Build configuration list for PBXProject "SportApp" */ = {
			isa = XCConfigurationList;
			buildConfigurations = (
				E21CFC3F2989A823008B5276 /* Debug */,
				E21CFC402989A823008B5276 /* Release */,
			);
			defaultConfigurationIsVisible = 0;
			defaultConfigurationName = Release;
		};
		E21CFC412989A823008B5276 /* Build configuration list for PBXNativeTarget "SportApp" */ = {
			isa = XCConfigurationList;
			buildConfigurations = (
				E21CFC422989A823008B5276 /* Debug */,
				E21CFC432989A823008B5276 /* Release */,
			);
			defaultConfigurationIsVisible = 0;
			defaultConfigurationName = Release;
		};
		E21CFC442989A823008B5276 /* Build configuration list for PBXNativeTarget "SportAppTests" */ = {
			isa = XCConfigurationList;
			buildConfigurations = (
				E21CFC452989A823008B5276 /* Debug */,
				E21CFC462989A823008B5276 /* Release */,
			);
			defaultConfigurationIsVisible = 0;
			defaultConfigurationName = Release;
		};
/* End XCConfigurationList section */

/* Begin XCVersionGroup section */
		E21CFC202989A820008B5276 /* SportApp.xcdatamodeld */ = {
			isa = XCVersionGroup;
			children = (
				E21CFC212989A820008B5276 /* SportApp.xcdatamodel */,
			);
			currentVersion = E21CFC212989A820008B5276 /* SportApp.xcdatamodel */;
			path = SportApp.xcdatamodeld;
			sourceTree = "<group>";
			versionGroupType = wrapper.xcdatamodel;
		};
/* End XCVersionGroup section */
	};
	rootObject = E21CFC0C2989A81F008B5276 /* Project object */;
}
